
Microsoft Visual Studio Solution File, Format Version 12.00
# Visual Studio 15
VisualStudioVersion = 15.0.27004.2006
MinimumVisualStudioVersion = 10.0.40219.1
Project("{FAE04EC0-301F-11D3-BF4B-00C04F79EFBC}") = "Schnittdatenrechner", "Schnittdatenrechner\Schnittdatenrechner.csproj", "{7680FE21-A236-450F-BE30-18B4C9BA54D4}"
EndProject
Global
	GlobalSection(SolutionConfigurationPlatforms) = preSolution
		Debug|Any CPU = Debug|Any CPU
		Release|Any CPU = Release|Any CPU
	EndGlobalSection
	GlobalSection(ProjectConfigurationPlatforms) = postSolution
		{7680FE21-A236-450F-BE30-18B4C9BA54D4}.Debug|Any CPU.ActiveCfg = Debug|Any CPU
		{7680FE21-A236-450F-BE30-18B4C9BA54D4}.Debug|Any CPU.Build.0 = Debug|Any CPU
		{7680FE21-A236-450F-BE30-18B4C9BA54D4}.Release|Any CPU.ActiveCfg = Release|Any CPU
		{7680FE21-A236-450F-BE30-18B4C9BA54D4}.Release|Any CPU.Build.0 = Release|Any CPU
	EndGlobalSection
	GlobalSection(SolutionProperties) = preSolution
		HideSolutionNode = FALSE
	EndGlobalSection
	GlobalSection(ExtensibilityGlobals) = postSolution
		SolutionGuid = {F9BA622D-AC87-4CC3-BAF0-0C27E5579D1C}
	EndGlobalSection
EndGlobal
